
Microsoft Visual Studio Solution File, Format Version 12.00
# Visual Studio Version 17
VisualStudioVersion = 17.8.34525.116
MinimumVisualStudioVersion = 10.0.40219.1
Project("{FAE04EC0-301F-11D3-BF4B-00C04F79EFBC}") = "PSP05TE01", "PSP05TE01.csproj", "{2DF67774-7B15-4666-8307-B3F8CC8A9554}"
EndProject
Global
	GlobalSection(SolutionConfigurationPlatforms) = preSolution
		Debug|Any CPU = Debug|Any CPU
		Release|Any CPU = Release|Any CPU
	EndGlobalSection
	GlobalSection(ProjectConfigurationPlatforms) = postSolution
		{2DF67774-7B15-4666-8307-B3F8CC8A9554}.Debug|Any CPU.ActiveCfg = Debug|Any CPU
		{2DF67774-7B15-4666-8307-B3F8CC8A9554}.Debug|Any CPU.Build.0 = Debug|Any CPU
		{2DF67774-7B15-4666-8307-B3F8CC8A9554}.Release|Any CPU.ActiveCfg = Release|Any CPU
		{2DF67774-7B15-4666-8307-B3F8CC8A9554}.Release|Any CPU.Build.0 = Release|Any CPU
	EndGlobalSection
	GlobalSection(SolutionProperties) = preSolution
		HideSolutionNode = FALSE
	EndGlobalSection
	GlobalSection(ExtensibilityGlobals) = postSolution
		SolutionGuid = {89C550BB-813D-4C7D-82C6-F6BF3404D0A5}
	EndGlobalSection
EndGlobal
